<?xml version="1.0" encoding="utf-8"?>
<Project ToolsVersion="4.0" xmlns="http://schemas.microsoft.com/developer/msbuild/2003">
  <ItemGroup>
    <Filter Include="Entitys">
      <UniqueIdentifier>{551E38CC-C1FD-B667-CA15-423E36741DC9}</UniqueIdentifier>
    </Filter>
  </ItemGroup>
  <ItemGroup>
    <ClInclude Include="src\Ability.h" />
    <ClInclude Include="src\Building.h" />
    <ClInclude Include="src\Camera.h" />
    <ClInclude Include="src\Config.h" />
    <ClInclude Include="src\Entitys\Enemy.h">
      <Filter>Entitys</Filter>
    </ClInclude>
    <ClInclude Include="src\Entitys\Entity.h">
      <Filter>Entitys</Filter>
    </ClInclude>
    <ClInclude Include="src\Entitys\Minion.h">
      <Filter>Entitys</Filter>
    </ClInclude>
    <ClInclude Include="src\Entitys\Player.h">
      <Filter>Entitys</Filter>
    </ClInclude>
    <ClInclude Include="src\Event.h" />
    <ClInclude Include="src\Game.h" />
    <ClInclude Include="src\Map.h" />
    <ClInclude Include="src\MovementManager.h" />
    <ClInclude Include="src\TextRenderer.h" />
    <ClInclude Include="src\Utils.h" />
  </ItemGroup>
  <ItemGroup>
    <ClCompile Include="src\Building.cpp" />
    <ClCompile Include="src\Camera.cpp" />
    <ClCompile Include="src\Entitys\Enemy.cpp">
      <Filter>Entitys</Filter>
    </ClCompile>
    <ClCompile Include="src\Entitys\Minion.cpp">
      <Filter>Entitys</Filter>
    </ClCompile>
    <ClCompile Include="src\Entitys\Player.cpp">
      <Filter>Entitys</Filter>
    </ClCompile>
    <ClCompile Include="src\Game.cpp" />
    <ClCompile Include="src\Map.cpp" />
    <ClCompile Include="src\MovementManager.cpp" />
    <ClCompile Include="src\TextRenderer.cpp" />
    <ClCompile Include="src\main.cpp" />
  </ItemGroup>
</Project>